// !$*UTF8*$!
{
	archiveVersion = 1;
	classes = {
	};
	objectVersion = 50;
	objects = {

/* Begin PBXBuildFile section */
		FA243B0B20DC4DC90049DC4A /* AppDelegate.swift in Sources */ = {isa = PBXBuildFile; fileRef = FA243B0A20DC4DC90049DC4A /* AppDelegate.swift */; };
		FA243B0D20DC4DC90049DC4A /* ViewController.swift in Sources */ = {isa = PBXBuildFile; fileRef = FA243B0C20DC4DC90049DC4A /* ViewController.swift */; };
		FA243B1020DC4DC90049DC4A /* Main.storyboard in Resources */ = {isa = PBXBuildFile; fileRef = FA243B0E20DC4DC90049DC4A /* Main.storyboard */; };
		FA243B1220DC4DCA0049DC4A /* Assets.xcassets in Resources */ = {isa = PBXBuildFile; fileRef = FA243B1120DC4DCA0049DC4A /* Assets.xcassets */; };
		FA243B1520DC4DCA0049DC4A /* LaunchScreen.storyboard in Resources */ = {isa = PBXBuildFile; fileRef = FA243B1320DC4DCA0049DC4A /* LaunchScreen.storyboard */; };
/* End PBXBuildFile section */

/* Begin PBXFileReference section */
		FA243B0720DC4DC90049DC4A /* IOS-Swift-UITextViewAlignTextVertically.app */ = {isa = PBXFileReference; explicitFileType = wrapper.application; includeInIndex = 0; path = "IOS-Swift-UITextViewAlignTextVertically.app"; sourceTree = BUILT_PRODUCTS_DIR; };
		FA243B0A20DC4DC90049DC4A /* AppDelegate.swift */ = {isa = PBXFileReference; lastKnownFileType = sourcecode.swift; path = AppDelegate.swift; sourceTree = "<group>"; };
		FA243B0C20DC4DC90049DC4A /* ViewController.swift */ = {isa = PBXFileReference; lastKnownFileType = sourcecode.swift; path = ViewController.swift; sourceTree = "<group>"; };
		FA243B0F20DC4DC90049DC4A /* Base */ = {isa = PBXFileReference; lastKnownFileType = file.storyboard; name = Base; path = Base.lproj/Main.storyboard; sourceTree = "<group>"; };
		FA243B1120DC4DCA0049DC4A /* Assets.xcassets */ = {isa = PBXFileReference; lastKnownFileType = folder.assetcatalog; path = Assets.xcassets; sourceTree = "<group>"; };
		FA243B1420DC4DCA0049DC4A /* Base */ = {isa = PBXFileReference; lastKnownFileType = file.storyboard; name = Base; path = Base.lproj/LaunchScreen.storyboard; sourceTree = "<group>"; };
		FA243B1620DC4DCA0049DC4A /* Info.plist */ = {isa = PBXFileReference; lastKnownFileType = text.plist.xml; path = Info.plist; sourceTree = "<group>"; };
/* End PBXFileReference section */

/* Begin PBXFrameworksBuildPhase section */
		FA243B0420DC4DC90049DC4A /* Frameworks */ = {
			isa = PBXFrameworksBuildPhase;
			buildActionMask = 2147483647;
			files = (
			);
			runOnlyForDeploymentPostprocessing = 0;
		};
/* End PBXFrameworksBuildPhase section */

/* Begin PBXGroup section */
		FA243AFE20DC4DC90049DC4A = {
			isa = PBXGroup;
			children = (
				FA243B0920DC4DC90049DC4A /* IOS-Swift-UITextViewAlignTextVertically */,
				FA243B0820DC4DC90049DC4A /* Products */,
			);
			sourceTree = "<group>";
		};
		FA243B0820DC4DC90049DC4A /* Products */ = {
			isa = PBXGroup;
			children = (
				FA243B0720DC4DC90049DC4A /* IOS-Swift-UITextViewAlignTextVertically.app */,
			);
			name = Products;
			sourceTree = "<group>";
		};
		FA243B0920DC4DC90049DC4A /* IOS-Swift-UITextViewAlignTextVertically */ = {
			isa = PBXGroup;
			children = (
				FA243B0A20DC4DC90049DC4A /* AppDelegate.swift */,
				FA243B0C20DC4DC90049DC4A /* ViewController.swift */,
				FA243B0E20DC4DC90049DC4A /* Main.storyboard */,
				FA243B1120DC4DCA0049DC4A /* Assets.xcassets */,
				FA243B1320DC4DCA0049DC4A /* LaunchScreen.storyboard */,
				FA243B1620DC4DCA0049DC4A /* Info.plist */,
			);
			path = "IOS-Swift-UITextViewAlignTextVertically";
			sourceTree = "<group>";
		};
/* End PBXGroup section */

/* Begin PBXNativeTarget section */
		FA243B0620DC4DC90049DC4A /* IOS-Swift-UITextViewAlignTextVertically */ = {
			isa = PBXNativeTarget;
			buildConfigurationList = FA243B1920DC4DCA0049DC4A /* Build configuration list for PBXNativeTarget "IOS-Swift-UITextViewAlignTextVertically" */;
			buildPhases = (
				FA243B0320DC4DC90049DC4A /* Sources */,
				FA243B0420DC4DC90049DC4A /* Frameworks */,
				FA243B0520DC4DC90049DC4A /* Resources */,
			);
			buildRules = (
			);
			dependencies = (
			);
			name = "IOS-Swift-UITextViewAlignTextVertically";
			productName = "IOS-Swift-UITextViewAlignTextVertically";
			productReference = FA243B0720DC4DC90049DC4A /* IOS-Swift-UITextViewAlignTextVertically.app */;
			productType = "com.apple.product-type.application";
		};
/* End PBXNativeTarget section */

/* Begin PBXProject section */
		FA243AFF20DC4DC90049DC4A /* Project object */ = {
			isa = PBXProject;
			attributes = {
				LastSwiftUpdateCheck = 0940;
				LastUpgradeCheck = 0940;
				ORGANIZATIONNAME = Pooya;
				TargetAttributes = {
					FA243B0620DC4DC90049DC4A = {
						CreatedOnToolsVersion = 9.4;
					};
				};
			};
			buildConfigurationList = FA243B0220DC4DC90049DC4A /* Build configuration list for PBXProject "IOS-Swift-UITextViewAlignTextVertically" */;
			compatibilityVersion = "Xcode 9.3";
			developmentRegion = en;
			hasScannedForEncodings = 0;
			knownRegions = (
				en,
				Base,
			);
			mainGroup = FA243AFE20DC4DC90049DC4A;
			productRefGroup = FA243B0820DC4DC90049DC4A /* Products */;
			projectDirPath = "";
			projectRoot = "";
			targets = (
				FA243B0620DC4DC90049DC4A /* IOS-Swift-UITextViewAlignTextVertically */,
			);
		};
/* End PBXProject section */

/* Begin PBXResourcesBuildPhase section */
		FA243B0520DC4DC90049DC4A /* Resources */ = {
			isa = PBXResourcesBuildPhase;
			buildActionMask = 2147483647;
			files = (
				FA243B1520DC4DCA0049DC4A /* LaunchScreen.storyboard in Resources */,
				FA243B1220DC4DCA0049DC4A /* Assets.xcassets in Resources */,
				FA243B1020DC4DC90049DC4A /* Main.storyboard in Resources */,
			);
			runOnlyForDeploymentPostprocessing = 0;
		};
/* End PBXResourcesBuildPhase section */

/* Begin PBXSourcesBuildPhase section */
		FA243B0320DC4DC90049DC4A /* Sources */ = {
			isa = PBXSourcesBuildPhase;
			buildActionMask = 2147483647;
			files = (
				FA243B0D20DC4DC90049DC4A /* ViewController.swift in Sources */,
				FA243B0B20DC4DC90049DC4A /* AppDelegate.swift in Sources */,
			);
			runOnlyForDeploymentPostprocessing = 0;
		};
/* End PBXSourcesBuildPhase section */

/* Begin PBXVariantGroup section */
		FA243B0E20DC4DC90049DC4A /* Main.storyboard */ = {
			isa = PBXVariantGroup;
			children = (
				FA243B0F20DC4DC90049DC4A /* Base */,
			);
			name = Main.storyboard;
			sourceTree = "<group>";
		};
		FA243B1320DC4DCA0049DC4A /* LaunchScreen.storyboard */ = {
			isa = PBXVariantGroup;
			children = (
				FA243B1420DC4DCA0049DC4A /* Base */,
			);
			name = LaunchScreen.storyboard;
			sourceTree = "<group>";
		};
/* End PBXVariantGroup section */

/* Begin XCBuildConfiguration section */
		FA243B1720DC4DCA0049DC4A /* Debug */ = {
			isa = XCBuildConfiguration;
			buildSettings = {
				ALWAYS_SEARCH_USER_PATHS = NO;
				CLANG_ANALYZER_NONNULL = YES;
				CLANG_ANALYZER_NUMBER_OBJECT_CONVERSION = YES_AGGRESSIVE;
				CLANG_CXX_LANGUAGE_STANDARD = "gnu++14";
				CLANG_CXX_LIBRARY = "libc++";
				CLANG_ENABLE_MODULES = YES;
				CLANG_ENABLE_OBJC_ARC = YES;
				CLANG_ENABLE_OBJC_WEAK = YES;
				CLANG_WARN_BLOCK_CAPTURE_AUTORELEASING = YES;
				CLANG_WARN_BOOL_CONVERSION = YES;
				CLANG_WARN_COMMA = YES;
				CLANG_WARN_CONSTANT_CONVERSION = YES;
				CLANG_WARN_DEPRECATED_OBJC_IMPLEMENTATIONS = YES;
				CLANG_WARN_DIRECT_OBJC_ISA_USAGE = YES_ERROR;
				CLANG_WARN_DOCUMENTATION_COMMENTS = YES;
				CLANG_WARN_EMPTY_BODY = YES;
				CLANG_WARN_ENUM_CONVERSION = YES;
				CLANG_WARN_INFINITE_RECURSION = YES;
				CLANG_WARN_INT_CONVERSION = YES;
				CLANG_WARN_NON_LITERAL_NULL_CONVERSION = YES;
				CLANG_WARN_OBJC_IMPLICIT_RETAIN_SELF = YES;
				CLANG_WARN_OBJC_LITERAL_CONVERSION = YES;
				CLANG_WARN_OBJC_ROOT_CLASS = YES_ERROR;
				CLANG_WARN_RANGE_LOOP_ANALYSIS = YES;
				CLANG_WARN_STRICT_PROTOTYPES = YES;
				CLANG_WARN_SUSPICIOUS_MOVE = YES;
				CLANG_WARN_UNGUARDED_AVAILABILITY = YES_AGGRESSIVE;
				CLANG_WARN_UNREACHABLE_CODE = YES;
				CLANG_WARN__DUPLICATE_METHOD_MATCH = YES;
				CODE_SIGN_IDENTITY = "iPhone Developer";
				COPY_PHASE_STRIP = NO;
				DEBUG_INFORMATION_FORMAT = dwarf;
				ENABLE_STRICT_OBJC_MSGSEND = YES;
				ENABLE_TESTABILITY = YES;
				GCC_C_LANGUAGE_STANDARD = gnu11;
				GCC_DYNAMIC_NO_PIC = NO;
				GCC_NO_COMMON_BLOCKS = YES;
				GCC_OPTIMIZATION_LEVEL = 0;
				GCC_PREPROCESSOR_DEFINITIONS = (
					"DEBUG=1",
					"$(inherited)",
				);
				GCC_WARN_64_TO_32_BIT_CONVERSION = YES;
				GCC_WARN_ABOUT_RETURN_TYPE = YES_ERROR;
				GCC_WARN_UNDECLARED_SELECTOR = YES;
				GCC_WARN_UNINITIALIZED_AUTOS = YES_AGGRESSIVE;
				GCC_WARN_UNUSED_FUNCTION = YES;
				GCC_WARN_UNUSED_VARIABLE = YES;
				IPHONEOS_DEPLOYMENT_TARGET = 11.4;
				MTL_ENABLE_DEBUG_INFO = YES;
				ONLY_ACTIVE_ARCH = YES;
				SDKROOT = iphoneos;
				SWIFT_ACTIVE_COMPILATION_CONDITIONS = DEBUG;
				SWIFT_OPTIMIZATION_LEVEL = "-Onone";
			};
			name = Debug;
		};
		FA243B1820DC4DCA0049DC4A /* Release */ = {
			isa = XCBuildConfiguration;
			buildSettings = {
				ALWAYS_SEARCH_USER_PATHS = NO;
				CLANG_ANALYZER_NONNULL = YES;
				CLANG_ANALYZER_NUMBER_OBJECT_CONVERSION = YES_AGGRESSIVE;
				CLANG_CXX_LANGUAGE_STANDARD = "gnu++14";
				CLANG_CXX_LIBRARY = "libc++";
				CLANG_ENABLE_MODULES = YES;
				CLANG_ENABLE_OBJC_ARC = YES;
				CLANG_ENABLE_OBJC_WEAK = YES;
				CLANG_WARN_BLOCK_CAPTURE_AUTORELEASING = YES;
				CLANG_WARN_BOOL_CONVERSION = YES;
				CLANG_WARN_COMMA = YES;
				CLANG_WARN_CONSTANT_CONVERSION = YES;
				CLANG_WARN_DEPRECATED_OBJC_IMPLEMENTATIONS = YES;
				CLANG_WARN_DIRECT_OBJC_ISA_USAGE = YES_ERROR;
				CLANG_WARN_DOCUMENTATION_COMMENTS = YES;
				CLANG_WARN_EMPTY_BODY = YES;
				CLANG_WARN_ENUM_CONVERSION = YES;
				CLANG_WARN_INFINITE_RECURSION = YES;
				CLANG_WARN_INT_CONVERSION = YES;
				CLANG_WARN_NON_LITERAL_NULL_CONVERSION = YES;
				CLANG_WARN_OBJC_IMPLICIT_RETAIN_SELF = YES;
				CLANG_WARN_OBJC_LITERAL_CONVERSION = YES;
				CLANG_WARN_OBJC_ROOT_CLASS = YES_ERROR;
				CLANG_WARN_RANGE_LOOP_ANALYSIS = YES;
				CLANG_WARN_STRICT_PROTOTYPES = YES;
				CLANG_WARN_SUSPICIOUS_MOVE = YES;
				CLANG_WARN_UNGUARDED_AVAILABILITY = YES_AGGRESSIVE;
				CLANG_WARN_UNREACHABLE_CODE = YES;
				CLANG_WARN__DUPLICATE_METHOD_MATCH = YES;
				CODE_SIGN_IDENTITY = "iPhone Developer";
				COPY_PHASE_STRIP = NO;
				DEBUG_INFORMATION_FORMAT = "dwarf-with-dsym";
				ENABLE_NS_ASSERTIONS = NO;
				ENABLE_STRICT_OBJC_MSGSEND = YES;
				GCC_C_LANGUAGE_STANDARD = gnu11;
				GCC_NO_COMMON_BLOCKS = YES;
				GCC_WARN_64_TO_32_BIT_CONVERSION = YES;
				GCC_WARN_ABOUT_RETURN_TYPE = YES_ERROR;
				GCC_WARN_UNDECLARED_SELECTOR = YES;
				GCC_WARN_UNINITIALIZED_AUTOS = YES_AGGRESSIVE;
				GCC_WARN_UNUSED_FUNCTION = YES;
				GCC_WARN_UNUSED_VARIABLE = YES;
				IPHONEOS_DEPLOYMENT_TARGET = 11.4;
				MTL_ENABLE_DEBUG_INFO = NO;
				SDKROOT = iphoneos;
				SWIFT_COMPILATION_MODE = wholemodule;
				SWIFT_OPTIMIZATION_LEVEL = "-O";
				VALIDATE_PRODUCT = YES;
			};
			name = Release;
		};
		FA243B1A20DC4DCA0049DC4A /* Debug */ = {
			isa = XCBuildConfiguration;
			buildSettings = {
				ASSETCATALOG_COMPILER_APPICON_NAME = AppIcon;
				CODE_SIGN_STYLE = Automatic;
				INFOPLIST_FILE = "IOS-Swift-UITextViewAlignTextVertically/Info.plist";
				LD_RUNPATH_SEARCH_PATHS = (
					"$(inherited)",
					"@executable_path/Frameworks",
				);
				PRODUCT_BUNDLE_IDENTIFIER = "com.pooya.brain.dev.IOS-Swift-UITextViewAlignTextVertically";
				PRODUCT_NAME = "$(TARGET_NAME)";
				SWIFT_VERSION = 4.0;
				TARGETED_DEVICE_FAMILY = "1,2";
			};
			name = Debug;
		};
		FA243B1B20DC4DCA0049DC4A /* Release */ = {
			isa = XCBuildConfiguration;
			buildSettings = {
				ASSETCATALOG_COMPILER_APPICON_NAME = AppIcon;
				CODE_SIGN_STYLE = Automatic;
				INFOPLIST_FILE = "IOS-Swift-UITextViewAlignTextVertically/Info.plist";
				LD_RUNPATH_SEARCH_PATHS = (
					"$(inherited)",
					"@executable_path/Frameworks",
				);
				PRODUCT_BUNDLE_IDENTIFIER = "com.pooya.brain.dev.IOS-Swift-UITextViewAlignTextVertically";
				PRODUCT_NAME = "$(TARGET_NAME)";
				SWIFT_VERSION = 4.0;
				TARGETED_DEVICE_FAMILY = "1,2";
			};
			name = Release;
		};
/* End XCBuildConfiguration section */

/* Begin XCConfigurationList section */
		FA243B0220DC4DC90049DC4A /* Build configuration list for PBXProject "IOS-Swift-UITextViewAlignTextVertically" */ = {
			isa = XCConfigurationList;
			buildConfigurations = (
				FA243B1720DC4DCA0049DC4A /* Debug */,
				FA243B1820DC4DCA0049DC4A /* Release */,
			);
			defaultConfigurationIsVisible = 0;
			defaultConfigurationName = Release;
		};
		FA243B1920DC4DCA0049DC4A /* Build configuration list for PBXNativeTarget "IOS-Swift-UITextViewAlignTextVertically" */ = {
			isa = XCConfigurationList;
			buildConfigurations = (
				FA243B1A20DC4DCA0049DC4A /* Debug */,
				FA243B1B20DC4DCA0049DC4A /* Release */,
			);
			defaultConfigurationIsVisible = 0;
			defaultConfigurationName = Release;
		};
/* End XCConfigurationList section */
	};
	rootObject = FA243AFF20DC4DC90049DC4A /* Project object */;
}
